<?xml version="1.0" encoding="utf-8"?>
<Project ToolsVersion="4.0" xmlns="http://schemas.microsoft.com/developer/msbuild/2003">
  <ItemGroup>
    <Filter Include="Source Files">
      <UniqueIdentifier>{4FC737F1-C7A5-4376-A066-2A32D752A2FF}</UniqueIdentifier>
      <Extensions>cpp;c;cc;cxx;c++;cppm;ixx;def;odl;idl;hpj;bat;asm;asmx</Extensions>
    </Filter>
    <Filter Include="Header Files">
      <UniqueIdentifier>{93995380-89BD-4b04-88EB-625FBE52EBFB}</UniqueIdentifier>
      <Extensions>h;hh;hpp;hxx;h++;hm;inl;inc;ipp;xsd</Extensions>
    </Filter>
    <Filter Include="Resource Files">
      <UniqueIdentifier>{67DA6AB6-F800-4c08-8B7A-83BB121AAD01}</UniqueIdentifier>
      <Extensions>rc;ico;cur;bmp;dlg;rc2;rct;bin;rgs;gif;jpg;jpeg;jpe;resx;tiff;tif;png;wav;mfcribbon-ms</Extensions>
    </Filter>
  </ItemGroup>
  <ItemGroup>
    <ClInclude Include="src\utils\util.h">
      <Filter>Header Files</Filter>
    </ClInclude>
    <ClInclude Include="src\engine\windowsengine.h">
      <Filter>Header Files</Filter>
    </ClInclude>
    <ClInclude Include="src\engine\engine.h">
      <Filter>Header Files</Filter>
    </ClInclude>
    <ClInclude Include="src\utils\clock.h">
      <Filter>Header Files</Filter>
    </ClInclude>
    <ClInclude Include="src\engine\device.h">
      <Filter>Header Files</Filter>
    </ClInclude>
    <ClInclude Include="src\engine\d3ddevice.h">
      <Filter>Header Files</Filter>
    </ClInclude>
    <ClInclude Include="src\display\shader.h">
      <Filter>Header Files</Filter>
    </ClInclude>
    <ClInclude Include="src\display\mesh.h">
      <Filter>Header Files</Filter>
    </ClInclude>
    <ClInclude Include="src\world\object.h">
      <Filter>Header Files</Filter>
    </ClInclude>
    <ClInclude Include="src\scene\scene.h">
      <Filter>Header Files</Filter>
    </ClInclude>
    <ClInclude Include="src\display\camera.h">
      <Filter>Header Files</Filter>
    </ClInclude>
    <ClInclude Include="src\Pebbleinternal.h">
      <Filter>Header Files</Filter>
    </ClInclude>
    <ClInclude Include="src\display\texture.h">
      <Filter>Header Files</Filter>
    </ClInclude>
    <ClInclude Include="vendor\ddstextureloader\DDSTextureLoader11.h">
      <Filter>Header Files</Filter>
    </ClInclude>
    <ClInclude Include="src\display\generic_buffer.h">
      <Filter>Header Files</Filter>
    </ClInclude>
    <ClInclude Include="src\display\directxlib.h">
      <Filter>Header Files</Filter>
    </ClInclude>
    <ClInclude Include="src\display\graphical_resource.h">
      <Filter>Header Files</Filter>
    </ClInclude>
    <ClInclude Include="vendor\imgui\imconfig.h">
      <Filter>Header Files</Filter>
    </ClInclude>
    <ClInclude Include="vendor\imgui\imgui.h">
      <Filter>Header Files</Filter>
    </ClInclude>
    <ClInclude Include="vendor\imgui\imgui_impl_dx11.h">
      <Filter>Header Files</Filter>
    </ClInclude>
    <ClInclude Include="vendor\imgui\imgui_impl_win32.h">
      <Filter>Header Files</Filter>
    </ClInclude>
    <ClInclude Include="vendor\imgui\imgui_internal.h">
      <Filter>Header Files</Filter>
    </ClInclude>
    <ClInclude Include="vendor\imgui\imstb_rectpack.h">
      <Filter>Header Files</Filter>
    </ClInclude>
    <ClInclude Include="vendor\imgui\imstb_textedit.h">
      <Filter>Header Files</Filter>
    </ClInclude>
    <ClInclude Include="vendor\imgui\imstb_truetype.h">
      <Filter>Header Files</Filter>
    </ClInclude>
    <ClInclude Include="src\utils\debug.h">
      <Filter>Header Files</Filter>
    </ClInclude>
    <ClInclude Include="src\display\sprite.h">
      <Filter>Header Files</Filter>
    </ClInclude>
    <ClInclude Include="src\display\renderable.h">
      <Filter>Header Files</Filter>
    </ClInclude>
    <ClInclude Include="src\display\text.h">
      <Filter>Header Files</Filter>
    </ClInclude>
    <ClInclude Include="src\display\generated_fonts.h">
      <Filter>Header Files</Filter>
    </ClInclude>
    <ClInclude Include="src\inputs\user_inputs.h">
      <Filter>Header Files</Filter>
    </ClInclude>
    <ClInclude Include="src\world\terrain.h">
      <Filter>Header Files</Filter>
    </ClInclude>
    <ClInclude Include="vendor\stbi\stb_image.h">
      <Filter>Header Files</Filter>
    </ClInclude>
    <ClInclude Include="src\display\skybox.h">
      <Filter>Header Files</Filter>
    </ClInclude>
    <ClInclude Include="src\display\render_profiles.h">
      <Filter>Header Files</Filter>
    </ClInclude>
    <ClInclude Include="src\display\graphical_managed_resource.h">
      <Filter>Header Files</Filter>
    </ClInclude>
    <ClInclude Include="src\physics\structures.h">
      <Filter>Header Files</Filter>
    </ClInclude>
    <ClInclude Include="src\physics\physics.h">
      <Filter>Header Files</Filter>
    </ClInclude>
    <ClInclude Include="src\physics\physxlib.h">
      <Filter>Header Files</Filter>
    </ClInclude>
    <ClInclude Include="src\inputs\scancodes.h">
      <Filter>Header Files</Filter>
    </ClInclude>
    <ClInclude Include="src\scene\scene_manager.h">
      <Filter>Header Files</Filter>
    </ClInclude>
    <ClInclude Include="src\scene\transitions.h">
      <Filter>Header Files</Filter>
    </ClInclude>
    <ClInclude Include="src\scene\game\main_menu.h">
      <Filter>Header Files</Filter>
    </ClInclude>
    <ClInclude Include="src\display\ui\ui_manager.h">
      <Filter>Header Files</Filter>
    </ClInclude>
    <ClInclude Include="src\display\ui\ui_elements.h">
      <Filter>Header Files</Filter>
    </ClInclude>
    <ClInclude Include="src\utils\regions.h">
      <Filter>Header Files</Filter>
    </ClInclude>
    <ClInclude Include="src\scene\game\player.h">
      <Filter>Header Files</Filter>
    </ClInclude>
    <ClInclude Include="src\utils\aabb.h">
      <Filter>Header Files</Filter>
    </ClInclude>
    <ClInclude Include="src\utils\math.h">
      <Filter>Header Files</Filter>
    </ClInclude>
    <ClInclude Include="src\display\renderer.h">
      <Filter>Header Files</Filter>
    </ClInclude>
    <ClInclude Include="src\world\transform.h">
      <Filter>Header Files</Filter>
    </ClInclude>
    <ClInclude Include="src\utils\bezier_curve.h">
      <Filter>Header Files</Filter>
    </ClInclude>
    <ClInclude Include="src\scene\game\track.h">
      <Filter>Header Files</Filter>
    </ClInclude>
    <ClInclude Include="src\scene\showcase\showcases.h">
      <Filter>Header Files</Filter>
    </ClInclude>
    <ClInclude Include="src\scene\showcase\showcase_empty.h">
      <Filter>Header Files</Filter>
    </ClInclude>
    <ClInclude Include="src\world\quad_tree.h">
      <Filter>Header Files</Filter>
    </ClInclude>
    <ClInclude Include="src\scene\showcase\showcase_quadtree.h">
      <Filter>Header Files</Filter>
    </ClInclude>
    <ClInclude Include="src\scene\game\game_scene.h">
      <Filter>Header Files</Filter>
    </ClInclude>
    <ClInclude Include="src\scene\freecam.h">
      <Filter>Header Files</Filter>
    </ClInclude>
    <ClInclude Include="src\display\constantbuffer.h">
      <Filter>Header Files</Filter>
    </ClInclude>
    <ClInclude Include="src\scene\showcase\showcase_track.h">
      <Filter>Header Files</Filter>
    </ClInclude>
    <ClInclude Include="src\serial\game_serializer.h">
      <Filter>Header Files</Filter>
    </ClInclude>
    <ClInclude Include="src\serial\json.h">
      <Filter>Header Files</Filter>
    </ClInclude>
    <ClInclude Include="src\scene\game\game_logic.h">
      <Filter>Header Files</Filter>
    </ClInclude>
    <ClInclude Include="src\world\trigger_box.h">
      <Filter>Header Files</Filter>
    </ClInclude>
    <ClInclude Include="src\scene\editor\editor_scene.h">
      <Filter>Header Files</Filter>
    </ClInclude>
    <ClInclude Include="src\scene\editor\object_editors.h">
      <Filter>Header Files</Filter>
    </ClInclude>
    <ClInclude Include="src\scene\game\player_cameras.h">
      <Filter>Header Files</Filter>
    </ClInclude>
    <ClInclude Include="src\scene\game\pause_menu.h">
      <Filter>Header Files</Filter>
    </ClInclude>
    <ClInclude Include="src\scene\game\end_menu.h">
      <Filter>Header Files</Filter>
    </ClInclude>
    <ClInclude Include="src\display\frame_buffer.h">
      <Filter>Header Files</Filter>
    </ClInclude>
    <ClInclude Include="src\display\ribbon.h">
      <Filter>Header Files</Filter>
    </ClInclude>
    <ClInclude Include="src\scene\game\player_ribbons.h">
      <Filter>Header Files</Filter>
    </ClInclude>
    <ClInclude Include="src\scene\game\billboard_object.h">
      <Filter>Header Files</Filter>
    </ClInclude>
    <ClInclude Include="src\scene\game\player_vehicle.h">
      <Filter>Header Files</Filter>
    </ClInclude>
    <ClInclude Include="src\scene\game\ground.h">
      <Filter>Header Files</Filter>
    </ClInclude>
    <ClInclude Include="src\scene\game\game_ui.h">
      <Filter>Header Files</Filter>
    </ClInclude>
    <ClInclude Include="src\scene\game\game_vfx.h">
      <Filter>Header Files</Filter>
    </ClInclude>
    <ClInclude Include="src\utils\guilib.h">
      <Filter>Header Files</Filter>
    </ClInclude>
    <ClInclude Include="src\scene\game\tunnel.h">
      <Filter>Header Files</Filter>
    </ClInclude>
    <ClInclude Include="src\scene\game\sun.h">
      <Filter>Header Files</Filter>
    </ClInclude>
    <ClInclude Include="src\scene\game\settings_menu.h">
      <Filter>Header Files</Filter>
    </ClInclude>
    <ClInclude Include="src\scene\game\boost_square.h">
      <Filter>Header Files</Filter>
    </ClInclude>
    <ClInclude Include="src\scene\game\jump_pad.h">
      <Filter>Header Files</Filter>
    </ClInclude>
  </ItemGroup>
  <ItemGroup>
    <ClCompile Include="src\engine\windowsengine.cpp">
      <Filter>Source Files</Filter>
    </ClCompile>
    <ClCompile Include="src\main.cpp">
      <Filter>Source Files</Filter>
    </ClCompile>
    <ClCompile Include="src\utils\clock.cpp">
      <Filter>Source Files</Filter>
    </ClCompile>
    <ClCompile Include="src\engine\d3ddevice.cpp">
      <Filter>Source Files</Filter>
    </ClCompile>
    <ClCompile Include="src\display\shader.cpp">
      <Filter>Source Files</Filter>
    </ClCompile>
    <ClCompile Include="src\display\mesh.cpp">
      <Filter>Source Files</Filter>
    </ClCompile>
    <ClCompile Include="src\world\object.cpp">
      <Filter>Source Files</Filter>
    </ClCompile>
    <ClCompile Include="src\display\camera.cpp">
      <Filter>Source Files</Filter>
    </ClCompile>
    <ClCompile Include="src\display\texture.cpp">
      <Filter>Source Files</Filter>
    </ClCompile>
    <ClCompile Include="vendor\ddstextureloader\DDSTextureLoader11.cpp">
      <Filter>Source Files</Filter>
    </ClCompile>
    <ClCompile Include="src\display\generic_buffer.cpp">
      <Filter>Source Files</Filter>
    </ClCompile>
    <ClCompile Include="vendor\imgui\imgui.cpp">
      <Filter>Source Files</Filter>
    </ClCompile>
    <ClCompile Include="vendor\imgui\imgui_demo.cpp">
      <Filter>Source Files</Filter>
    </ClCompile>
    <ClCompile Include="vendor\imgui\imgui_draw.cpp">
      <Filter>Source Files</Filter>
    </ClCompile>
    <ClCompile Include="vendor\imgui\imgui_impl_dx11.cpp">
      <Filter>Source Files</Filter>
    </ClCompile>
    <ClCompile Include="vendor\imgui\imgui_impl_win32.cpp">
      <Filter>Source Files</Filter>
    </ClCompile>
    <ClCompile Include="vendor\imgui\imgui_tables.cpp">
      <Filter>Source Files</Filter>
    </ClCompile>
    <ClCompile Include="vendor\imgui\imgui_widgets.cpp">
      <Filter>Source Files</Filter>
    </ClCompile>
    <ClCompile Include="src\engine\engine.cpp">
      <Filter>Source Files</Filter>
    </ClCompile>
    <ClCompile Include="src\display\sprite.cpp">
      <Filter>Source Files</Filter>
    </ClCompile>
    <ClCompile Include="src\display\renderable.cpp">
      <Filter>Source Files</Filter>
    </ClCompile>
    <ClCompile Include="src\display\text.cpp">
      <Filter>Source Files</Filter>
    </ClCompile>
    <ClCompile Include="src\world\terrain.cpp">
      <Filter>Source Files</Filter>
    </ClCompile>
    <ClCompile Include="vendor\stbi\stbi_impl.cpp">
      <Filter>Source Files</Filter>
    </ClCompile>
    <ClCompile Include="src\inputs\user_inputs.cpp">
      <Filter>Source Files</Filter>
    </ClCompile>
    <ClCompile Include="src\display\skybox.cpp">
      <Filter>Source Files</Filter>
    </ClCompile>
    <ClCompile Include="src\display\render_profiles.cpp">
      <Filter>Source Files</Filter>
    </ClCompile>
    <ClCompile Include="src\display\graphical_resource.cpp">
      <Filter>Source Files</Filter>
    </ClCompile>
    <ClCompile Include="src\physics\structures.cpp">
      <Filter>Source Files</Filter>
    </ClCompile>
    <ClCompile Include="src\physics\physics.cpp">
      <Filter>Source Files</Filter>
    </ClCompile>
    <ClCompile Include="src\scene\scene_manager.cpp">
      <Filter>Source Files</Filter>
    </ClCompile>
    <ClCompile Include="src\scene\transitions.cpp">
      <Filter>Source Files</Filter>
    </ClCompile>
    <ClCompile Include="src\scene\game\main_menu.cpp">
      <Filter>Source Files</Filter>
    </ClCompile>
    <ClCompile Include="src\display\ui\ui_manager.cpp">
      <Filter>Source Files</Filter>
    </ClCompile>
    <ClCompile Include="src\display\ui\ui_elements.cpp">
      <Filter>Source Files</Filter>
    </ClCompile>
    <ClCompile Include="src\utils\debug.cpp">
      <Filter>Source Files</Filter>
    </ClCompile>
    <ClCompile Include="src\engine\device.cpp">
      <Filter>Source Files</Filter>
    </ClCompile>
    <ClCompile Include="src\display\renderer.cpp">
      <Filter>Source Files</Filter>
    </ClCompile>
    <ClCompile Include="src\world\transform.cpp">
      <Filter>Source Files</Filter>
    </ClCompile>
    <ClCompile Include="src\utils\bezier_curve.cpp">
      <Filter>Source Files</Filter>
    </ClCompile>
    <ClCompile Include="src\scene\game\track.cpp">
      <Filter>Source Files</Filter>
    </ClCompile>
    <ClCompile Include="src\scene\game\game_scene.cpp">
      <Filter>Source Files</Filter>
    </ClCompile>
    <ClCompile Include="src\scene\freecam.cpp">
      <Filter>Source Files</Filter>
    </ClCompile>
    <ClCompile Include="src\scene\showcase\showcase.cpp">
      <Filter>Source Files</Filter>
    </ClCompile>
    <ClCompile Include="src\scene\game\player.cpp">
      <Filter>Source Files</Filter>
    </ClCompile>
    <ClCompile Include="src\serial\json.cpp">
      <Filter>Source Files</Filter>
    </ClCompile>
    <ClCompile Include="src\serial\game_serializer.cpp">
      <Filter>Source Files</Filter>
    </ClCompile>
    <ClCompile Include="src\scene\game\game_logic.cpp">
      <Filter>Source Files</Filter>
    </ClCompile>
    <ClCompile Include="src\world\trigger_box.cpp">
      <Filter>Source Files</Filter>
    </ClCompile>
    <ClCompile Include="src\scene\editor\editor_scene.cpp">
      <Filter>Source Files</Filter>
    </ClCompile>
    <ClCompile Include="src\scene\editor\object_editors.cpp">
      <Filter>Source Files</Filter>
    </ClCompile>
    <ClCompile Include="src\scene\game\player_cameras.cpp">
      <Filter>Source Files</Filter>
    </ClCompile>
    <ClCompile Include="src\scene\game\pause_menu.cpp">
      <Filter>Source Files</Filter>
    </ClCompile>
    <ClCompile Include="src\scene\game\end_menu.cpp">
      <Filter>Source Files</Filter>
    </ClCompile>
    <ClCompile Include="src\display\frame_buffer.cpp">
      <Filter>Source Files</Filter>
    </ClCompile>
    <ClCompile Include="src\display\directxlib.cpp">
      <Filter>Source Files</Filter>
    </ClCompile>
    <ClCompile Include="src\display\ribbon.cpp">
      <Filter>Source Files</Filter>
    </ClCompile>
    <ClCompile Include="src\scene\game\player_ribbons.cpp">
      <Filter>Source Files</Filter>
    </ClCompile>
    <ClCompile Include="src\scene\game\billboard_object.cpp">
      <Filter>Source Files</Filter>
    </ClCompile>
    <ClCompile Include="src\scene\game\player_vehicle.cpp">
      <Filter>Source Files</Filter>
    </ClCompile>
    <ClCompile Include="src\scene\game\ground.cpp">
      <Filter>Source Files</Filter>
    </ClCompile>
    <ClCompile Include="src\utils\regions.cpp">
      <Filter>Source Files</Filter>
    </ClCompile>
    <ClCompile Include="src\scene\game\game_ui.cpp">
      <Filter>Source Files</Filter>
    </ClCompile>
    <ClCompile Include="src\scene\game\game_vfx.cpp">
      <Filter>Source Files</Filter>
    </ClCompile>
    <ClCompile Include="src\scene\game\tunnel.cpp">
      <Filter>Source Files</Filter>
    </ClCompile>
    <ClCompile Include="src\scene\game\sun.cpp">
      <Filter>Source Files</Filter>
    </ClCompile>
    <ClCompile Include="src\scene\game\settings_menu.cpp">
      <Filter>Source Files</Filter>
    </ClCompile>
    <ClCompile Include="src\scene\game\boost_square.cpp">
      <Filter>Source Files</Filter>
    </ClCompile>
    <ClCompile Include="src\scene\game\jump_pad.cpp">
      <Filter>Source Files</Filter>
    </ClCompile>
    <ClCompile Include="src\utils\aabb.cpp">
      <Filter>Source Files</Filter>
    </ClCompile>
  </ItemGroup>
</Project>